
Microsoft Visual Studio Solution File, Format Version 12.00
# Visual Studio Version 16
VisualStudioVersion = 16.0.31129.286
MinimumVisualStudioVersion = 10.0.40219.1
Project("{FAE04EC0-301F-11D3-BF4B-00C04F79EFBC}") = "flightgearExtension", "flightgearExtension.csproj", "{F6639456-5733-49D7-A172-C2AC7AFCBAC2}"
EndProject
Global
	GlobalSection(SolutionConfigurationPlatforms) = preSolution
		Debug|Any CPU = Debug|Any CPU
		Release|Any CPU = Release|Any CPU
	EndGlobalSection
	GlobalSection(ProjectConfigurationPlatforms) = postSolution
		{F6639456-5733-49D7-A172-C2AC7AFCBAC2}.Debug|Any CPU.ActiveCfg = Debug|Any CPU
		{F6639456-5733-49D7-A172-C2AC7AFCBAC2}.Debug|Any CPU.Build.0 = Debug|Any CPU
		{F6639456-5733-49D7-A172-C2AC7AFCBAC2}.Release|Any CPU.ActiveCfg = Release|Any CPU
		{F6639456-5733-49D7-A172-C2AC7AFCBAC2}.Release|Any CPU.Build.0 = Release|Any CPU
	EndGlobalSection
	GlobalSection(SolutionProperties) = preSolution
		HideSolutionNode = FALSE
	EndGlobalSection
	GlobalSection(ExtensibilityGlobals) = postSolution
		SolutionGuid = {4F231002-54D5-4E00-B86D-30BDDF244950}
	EndGlobalSection
EndGlobal
